{
  "lockfileVersion": 2,
  "configVersion": 1,
  "workspaces": {
    "": {
      "name": "@acmelabs/design-system",
      "dependencies": {
        "@floating-ui/dom": "^1",
        "@internationalized/date": "^3.12.4",
        "@lit-labs/motion": "^1.1.0",
        "@lit-labs/router": "^0.1.4",
        "@tanstack/charts": "0.16.2",
        "@tanstack/highlight": "^0.0.10",
        "@tanstack/lit-form": "^1.25.5",
        "@tanstack/lit-hotkeys": "^0.11.0",
        "@tanstack/lit-store": "^0.13.2",
        "@tanstack/lit-virtual": "^3.14.0",
        "@tanstack/markdown": "^0.0.13",
        "@tanstack/pacer": "^0.22.0",
        "@zag-js/remove-scroll": "^1.43.3",
        "lit": "^3.3.3",
        "urlpattern-polyfill": "^10.0.0",
      },
      "devDependencies": {
        "@biomejs/biome": "^2.0.0",
        "@happy-dom/global-registrator": "^20.14.0",
        "@lit-labs/compiler": "^1.1.2",
        "@types/bun": "^1.4.2",
        "@types/node": "^26.5.0",
        "happy-dom": "^15.11.0",
        "ts-lit-plugin": "^2.0.2",
        "typescript": "~5.9.0",
        "typescript-lit-html-plugin": "^0.9.1",
      },
    },
  },
  "packages": {
    "@babel/runtime": ["@babel/runtime@7.29.7", "", {}, "sha512-Nq8OhGWiZIZGV6hLHoyAKLLcJihP/xFeBMGJoUrxTX2psI8dCifzLhZISFb+VWS3wFMRDmCGw5R+dOySCqPLhw=="],

    "@biomejs/biome": ["@biomejs/biome@2.5.12", "", { "optionalDependencies": { "@biomejs/cli-darwin-arm64": "2.5.12", "@biomejs/cli-darwin-x64": "2.5.12", "@biomejs/cli-linux-arm64": "2.5.12", "@biomejs/cli-linux-arm64-musl": "2.5.12", "@biomejs/cli-linux-x64": "2.5.12", "@biomejs/cli-linux-x64-musl": "2.5.12", "@biomejs/cli-win32-arm64": "2.5.12", "@biomejs/cli-win32-x64": "2.5.12" }, "bin": { "biome": "bin/biome" } }, "sha512-Lw4VHZRebrReBBnlHa12JQjnIBm3JJAA55PDB9LbBVBF0q4RYphm6KfmIjqtPhf61MxZ5Q9KoK8R8x+7per5Aw=="],

    "@biomejs/cli-darwin-arm64": ["@biomejs/cli-darwin-arm64@2.5.12", "", { "os": "darwin", "cpu": "arm64" }, "sha512-lCRY1rwgNeWNgTr4DI/u6ZwXTRwRLHAvbaio1YLLGS+4r1nhvB2ssyPqIpfUSmRveNfv0fn/N58C7CAdK2XVrg=="],

    "@biomejs/cli-darwin-x64": ["@biomejs/cli-darwin-x64@2.5.12", "", { "os": "darwin", "cpu": "x64" }, "sha512-vhPgwnh+6tN3ArdAXuET99xaNbFt7CG82Bqn+omHVLC5xdVx45JsYjGPmUIGNzjDek5XdNCP1HKksK7fn8+3bQ=="],

    "@biomejs/cli-linux-arm64": ["@biomejs/cli-linux-arm64@2.5.12", "", { "os": "linux", "cpu": "arm64" }, "sha512-2gp8aVwXYKdAtmBfRFCUuyDMcfN1ahHqUkGfLYrZlNRFmryMATLVvJgWKvyA8wu4Rwn5OSxM1UcUmOuOFNGeBQ=="],

    "@biomejs/cli-linux-arm64-musl": ["@biomejs/cli-linux-arm64-musl@2.5.12", "", { "os": "linux", "cpu": "arm64" }, "sha512-couHYjFLL5uuI8ne6zhT7KwEsXo5YP7ry/2xmEqah7qanu0YmfDi3mwJg47YXSuv/NpZj22CZzcRH/5c4gjPSQ=="],

    "@biomejs/cli-linux-x64": ["@biomejs/cli-linux-x64@2.5.12", "", { "os": "linux", "cpu": "x64" }, "sha512-SnvOs3TSTiuia4SQOUNe1aWC9RT4+YkjcKnOhL/nsKOV0k5ycgBkDzF0lUxKn1V7Q8CLTRq6iV23ZAivHomRoA=="],

    "@biomejs/cli-linux-x64-musl": ["@biomejs/cli-linux-x64-musl@2.5.12", "", { "os": "linux", "cpu": "x64" }, "sha512-8A0oDW58/w9f/PQNYuq0sGUZtGtGrkNF4Z6n0PUoXpLCshi85vtKTv1XSznQawhdE4MXJ8ufpzHXyLFe87M/+w=="],

    "@biomejs/cli-win32-arm64": ["@biomejs/cli-win32-arm64@2.5.12", "", { "os": "win32", "cpu": "arm64" }, "sha512-b9vtoZFsuZt1pdjNwJvXl0f+BpayRzV008uS2+JpmwIKdSE2qdu4A/l04FESwLoou5g2E/Qlec0xwJydZplH+A=="],

    "@biomejs/cli-win32-x64": ["@biomejs/cli-win32-x64@2.5.12", "", { "os": "win32", "cpu": "x64" }, "sha512-B1R/l+CwEpKFSuqiwePzPNRk1EiJN8kc0UhdafNz6MZN9v5OFP9HYP1irptvWzHrwVI4blVNGMbxc5zt70m3IA=="],

    "@emmetio/extract-abbreviation": ["@emmetio/extract-abbreviation@0.1.6", "", {}, "sha512-Ce3xE2JvTSEbASFbRbA1gAIcMcZWdS2yUYRaQbeM0nbOzaZrUYfa3ePtcriYRZOZmr+CkKA+zbjhvTpIOAYVcw=="],

    "@floating-ui/core": ["@floating-ui/core@1.8.0", "", { "dependencies": { "@floating-ui/utils": "^0.2.12" } }, "sha512-0CIZ5itps/8x7BG8dEIhs53BvCUH2PCoogtakwRTut+Arm58sJooJ0AuZhLw2HJYIR5cMLNPBSS728sPho2khQ=="],

    "@floating-ui/dom": ["@floating-ui/dom@1.8.0", "", { "dependencies": { "@floating-ui/core": "^1.8.0", "@floating-ui/utils": "^0.2.12" } }, "sha512-yXSrzeHZBTZadLOlfyhCkJHNeLJnHRnRInwdZ40L7ZiaAtrBwoYlsDrX3v5zB1Utk7CLfzcOVnVVWoXEky7Ceg=="],

    "@floating-ui/utils": ["@floating-ui/utils@0.2.12", "", {}, "sha512-HpCo8tmWzLVad5s2d19EhAz5zqrrQ6s69qd6moPMQvkOuSwDT1YgRfWSVuc4ennqrgv3OHppiOGMQ7oC13yIww=="],

    "@happy-dom/global-registrator": ["@happy-dom/global-registrator@20.14.0", "", { "dependencies": { "@types/node": ">=20.0.0", "happy-dom": "^20.14.0" } }, "sha512-Xn0kdkaA1eHOaFFopr+YQ37sPNTZ3JScpUMz3j4rIsn1Nneqoh94z79iW23Ej0Ytt99+LlFr4JrSDd6ow9c7MQ=="],

    "@internationalized/date": ["@internationalized/date@3.12.4", "", { "dependencies": { "@swc/helpers": "^0.5.0" } }, "sha512-M1dEn4c1U1HsSlaVR8upZtSqvXrTkHDfv18H01uCSJyjVLDxnBR38v/fMxecmlwXKR4i9HeZcmgQAPE6A+aGJQ=="],

    "@lit-labs/analyzer": ["@lit-labs/analyzer@0.14.0", "", { "dependencies": { "@parse5/tools": "^0.7.0", "lit-html": "^3.1.2", "package-json-type": "^1.0.3", "parse5": "^7.3.0", "typescript": "~5.9.0" } }, "sha512-6/tjKDvA5pOea5t1OUYQ5dwPSQrTt7baSnDkT3q3j+/al/rHQPJmP+EWb/sSKc8e9dnJ1BAlMEN/9V4HVYAY6g=="],

    "@lit-labs/compiler": ["@lit-labs/compiler@1.1.2", "", { "dependencies": { "@lit-labs/analyzer": "^0.14.0", "@parse5/tools": "^0.3.0", "lit-html": "^3.2.0", "parse5": "^7.1.2", "typescript": "~5.9.0" } }, "sha512-wVC7UB6cuyiQYJ+LznrJl12+4kSXe36um0Nx5gZIWJ8Vose7fZCcfP4+eSN/gGMSkZ/IXBVp/hDqfqp0r8v+Qg=="],

    "@lit-labs/motion": ["@lit-labs/motion@1.1.0", "", { "dependencies": { "lit": "^3.1.2", "wobble": "^1.5.1" } }, "sha512-ZIVr97dCfOCXWwHczsZ/46BCia+uEjZ15sDTo2cY9L61sWWjngvV80CXn2NPjcb/cl7LJpPJXhFOLYNlXKzKJA=="],

    "@lit-labs/router": ["@lit-labs/router@0.1.4", "", { "dependencies": { "lit": "^2.0.0 || ^3.0.0" } }, "sha512-xURH6fOPE0MYfXa1nyl+qTIhZRVWkFa2oggTRodKAI2q/HjA2Va7HEKe7fMm8DdnFE+zEI2aUGnStawKpVh3lQ=="],

    "@lit-labs/ssr-dom-shim": ["@lit-labs/ssr-dom-shim@1.6.0", "", {}, "sha512-VHb0ALPMTlgKjM6yIxxoQNnpKyUKLD04VzeQdsiXkMqkvYlAHxq9glGLmgbb889/1GsohSOAjvQYoiBppXFqrQ=="],

    "@lit/reactive-element": ["@lit/reactive-element@2.1.2", "", { "dependencies": { "@lit-labs/ssr-dom-shim": "^1.5.0" } }, "sha512-pbCDiVMnne1lYUIaYNN5wrwQXDtHaYtg7YEFPeW+hws6U47WeFvISGUWekPGKWOP1ygrs0ef0o1VJMk1exos5A=="],

    "@nodelib/fs.scandir": ["@nodelib/fs.scandir@2.1.5", "", { "dependencies": { "@nodelib/fs.stat": "2.0.5", "run-parallel": "^1.1.9" } }, "sha512-vq24Bq3ym5HEQm2NKCr3yXDwjc7vTsEThRDnkp2DK9p1uqLR+DHurm/NOTo0KG7HYHU7eppKZj3MyqYuMBf62g=="],

    "@nodelib/fs.stat": ["@nodelib/fs.stat@2.0.5", "", {}, "sha512-RkhPPp2zrqDAQA/2jNhnztcPAlv64XdhIp7a7454A5ovI7Bukxgt7MX7udwAu3zg1DcpPU0rz3VV1SeaqvY4+A=="],

    "@nodelib/fs.walk": ["@nodelib/fs.walk@1.2.8", "", { "dependencies": { "@nodelib/fs.scandir": "2.1.5", "fastq": "^1.6.0" } }, "sha512-oGB+UxlgWcgQkgwo8GcEGwemoTFt3FIO9ababBmaGwXIoBKZ+GTy0pP185beGg7Llih/NSHSV2XAs1lnznocSg=="],

    "@parse5/tools": ["@parse5/tools@0.3.0", "", { "dependencies": { "parse5": "^7.0.0" } }, "sha512-zxRyTHkqb7WQMV8kTNBKWb1BeOFUKXBXTBWuxg9H9hfvQB3IwP6Iw2U75Ia5eyRxPNltmY7E8YAlz6zWwUnjKg=="],

    "@swc/helpers": ["@swc/helpers@0.5.23", "", { "dependencies": { "tslib": "^2.8.0" } }, "sha512-5lSsMOTXURePglDfvuAQUqkGek9Hg2kksOYay2m0+XR++b2NWYL/4sWyuvVBIs8oKnJaxkdi9whaL/sqN13afw=="],

    "@tanstack/charts": ["@tanstack/charts@0.16.2", "", { "dependencies": { "@types/d3-force": "^3.0.10", "@types/d3-geo": "^3.1.0", "@types/d3-hierarchy": "^3.1.7", "@types/d3-sankey": "^0.12.5", "@types/d3-shape": "^3.1.8", "d3-array": "3.2.4", "d3-brush": "3.0.0", "d3-contour": "4.0.2", "d3-delaunay": "6.0.4", "d3-force": "3.0.0", "d3-geo": "3.1.1", "d3-hexbin": "0.2.2", "d3-hierarchy": "3.1.2", "d3-sankey": "0.12.3", "d3-scale": "4.0.2", "d3-selection": "3.0.0", "d3-shape": "3.2.0", "d3-zoom": "3.0.0", "tslib": "^2.8.1" }, "peerDependencies": { "@angular/core": ">=19", "@angular/platform-browser": ">=19", "alpinejs": ">=3.15", "lit": ">=3.1.3", "octane": "^0.1.13", "preact": ">=10", "react": "^19.0.0", "react-dom": "^19.0.0", "react-native": "^0.86.0", "react-native-svg": ">=15.15.4 <16", "solid-js": ">=1.8", "svelte": "^5.20.0", "vue": ">=3.5" }, "optionalPeers": ["@angular/core", "@angular/platform-browser", "alpinejs", "lit", "octane", "preact", "react", "react-dom", "react-native", "react-native-svg", "solid-js", "svelte", "vue"] }, "sha512-6/obF95r7A1o5W0Z0nMQVWTH/ACH75vF59LMva/4lrUhO6n359N3nbXBV+nffewz093Gtmj5gs3l/Gfiym6uDQ=="],

    "@tanstack/devtools-event-client": ["@tanstack/devtools-event-client@0.5.0", "", { "bin": { "intent": "./bin/intent.js" } }, "sha512-H+OH3zC6Vhu/K0NaVfQKknEKawc/+2PT+D3SB3Ox0V8SiMlTo0abbmH2rH0721R2aNYbjdMXA1oENOd8E2UVoA=="],

    "@tanstack/form-core": ["@tanstack/form-core@1.33.5", "", { "dependencies": { "@tanstack/devtools-event-client": "^0.4.1", "@tanstack/pacer-lite": "^0.1.1", "@tanstack/store": "^0.11.0" } }, "sha512-3dfx9MBP0aq5sXKteikG629X9oviptrQj0IFRk9YGcb+lB7Kv5x8S17oOSk1wUWgjQZ4xVJEMbKwOAODymocgA=="],

    "@tanstack/highlight": ["@tanstack/highlight@0.0.10", "", {}, "sha512-RNWn4BYgroDnHSdWduHVUN3hXM5OZUVwynuY2Fwh4el2hVy0woe9XZBZ5IIxC50h1y8SEYkBipS+cPgdzRc7Zg=="],

    "@tanstack/hotkeys": ["@tanstack/hotkeys@0.8.0", "", { "dependencies": { "@tanstack/store": "^0.11.0" } }, "sha512-vqH7X9nb0MTJ/O08++dB5bP9jgj4+BIPOUu/U+6myG86lDsirZSVSobpq5UQpE7nBuk62i8eIYeOhd+OMl/UrA=="],

    "@tanstack/lit-form": ["@tanstack/lit-form@1.25.5", "", { "dependencies": { "@tanstack/form-core": "1.33.5", "@tanstack/lit-store": "^0.13.2" }, "peerDependencies": { "lit": "^3.0.0" } }, "sha512-tnJmch2rxa1P70xARX174DhbKskzARXVcVphUpnnEqYXxsHKWPEMF9uFYSJ+XYL22m3XnrRwxkIYMquRUpauFw=="],

    "@tanstack/lit-hotkeys": ["@tanstack/lit-hotkeys@0.11.0", "", { "dependencies": { "@tanstack/hotkeys": "0.8.0" }, "peerDependencies": { "lit": ">=3.0.0" } }, "sha512-cVyggoQkd0z7ThOevvny6a8kvwig+dCYx1etOgZ/lBYnZFZwd+oDfx8vxA63lUFKDP9OlLPSZsKlqqoIZktGNg=="],

    "@tanstack/lit-store": ["@tanstack/lit-store@0.13.2", "", { "dependencies": { "@tanstack/store": "0.11.0" }, "peerDependencies": { "lit": "^3.0.0" } }, "sha512-uAa5gQbmPOESokHM5t+AhQ3Ye8S2/bN+PB6CHKjHXixNN6aMDSQEtHoguPoMb3a3q/NeJ2NdiseyoUg4vsh/ng=="],

    "@tanstack/lit-virtual": ["@tanstack/lit-virtual@3.14.0", "", { "dependencies": { "@tanstack/virtual-core": "3.17.9" }, "peerDependencies": { "lit": "^3.1.0" } }, "sha512-Wr72W0act2kKqiUhNo+B37htTgIGL5J7P+meFtjNiaTNpxZjRUGO2ZMaiMJ5eJRvRl9rcJXo8NG3tD2BUJjnkg=="],

    "@tanstack/markdown": ["@tanstack/markdown@0.0.13", "", { "peerDependencies": { "octane": ">=0.1.12", "react": ">=18" }, "optionalPeers": ["octane", "react"] }, "sha512-ZSQP2ulBvlPzdpZeRheBJnaELo7e4ET/D/XrfgweHyqhhLMN5vUJJAUl7ufSRd7GlfO/vwdzjKPh0E0JwqJkDA=="],

    "@tanstack/pacer": ["@tanstack/pacer@0.22.0", "", { "dependencies": { "@tanstack/devtools-event-client": "^0.5.0", "@tanstack/store": "^0.11.1" } }, "sha512-Zq23KOn30tFiA6ZYWihs5x++ttHkOIcnIIjRrJq05tGrYx9+iHsmVaj8jb7UJVemEI+JRWGzJ9C+50YV4nRz0w=="],

    "@tanstack/pacer-lite": ["@tanstack/pacer-lite@0.1.1", "", {}, "sha512-y/xtNPNt/YeyoVxE/JCx+T7yjEzpezmbb+toK8DDD1P4m7Kzs5YR956+7OKexG3f8aXgC3rLZl7b1V+yNUSy5w=="],

    "@tanstack/store": ["@tanstack/store@0.11.0", "", {}, "sha512-WlzzCt3xi0G6pCAJu1U+2jiECwabETDpQDi3hfkFZvJii9AuZqEKbOiVarX1/bWhTNjU486yQtJCCasi/0q+Cw=="],

    "@tanstack/virtual-core": ["@tanstack/virtual-core@3.17.9", "", {}, "sha512-M8Bzy7CCMvUjRiuoHVH9mRjyUVczRs8v8RcUEphLFGc445ZP4KQ15Y1sLqhQqJi/HgGJrxfCHnEnIX0x9mVrBg=="],

    "@types/bun": ["@types/bun@1.4.2", "", { "dependencies": { "bun-types": "1.4.2" } }, "sha512-GimotNn7+ZV0uVArItBbriZsR1oNf0+WTzPkdcFrzShI7k2norL0uzEaJT8T33dWr7O/c9ZDuAFQrctKCi72oQ=="],

    "@types/d3-force": ["@types/d3-force@3.0.10", "", {}, "sha512-ZYeSaCF3p73RdOKcjj+swRlZfnYpK1EbaDiYICEEp5Q6sUiqFaFQ9qgoshp5CzIyyb/yD09kD9o2zEltCexlgw=="],

    "@types/d3-geo": ["@types/d3-geo@3.1.1", "", { "dependencies": { "@types/geojson": "*" } }, "sha512-65Emv9fQiQQqphLlRkuQ5ypPsOmWPhtBGCMv61JDPEPMvsx+gzhGf74yw1a78xFKPj6zw4AgQICJoQv0vK9M2w=="],

    "@types/d3-hierarchy": ["@types/d3-hierarchy@3.1.7", "", {}, "sha512-tJFtNoYBtRtkNysX1Xq4sxtjK8YgoWUNpIiUee0/jHGRwqvzYxkq0hGVbbOGSz+JgFxxRu4K8nb3YpG3CMARtg=="],

    "@types/d3-path": ["@types/d3-path@3.1.1", "", {}, "sha512-VMZBYyQvbGmWyWVea0EHs/BwLgxc+MKi1zLDCONksozI4YJMcTt8ZEuIR4Sb1MMTE8MMW49v0IwI5+b7RmfWlg=="],

    "@types/d3-sankey": ["@types/d3-sankey@0.12.5", "", { "dependencies": { "@types/d3-shape": "^1" } }, "sha512-/3RZSew0cLAtzGQ+C89hq/Rp3H20QJuVRSqFy6RKLe7E0B8kd2iOS1oBsodrgds4PcNVpqWhdUEng/SHvBcJ6Q=="],

    "@types/d3-shape": ["@types/d3-shape@3.2.0", "", { "dependencies": { "@types/d3-path": "*" } }, "sha512-kVd74ta9eof3eJOvbNd1vGKS/XERRyQbT26Og63hIsvDO84cjD5gEOhsXf26w3FSoNlPVz84DOFcKv/oou+fMw=="],

    "@types/geojson": ["@types/geojson@7946.0.16", "", {}, "sha512-6C8nqWur3j98U6+lXDfTUWIfgvZU+EumvpHKcYjujKH7woYyLj2sUmff0tRhrqM7BohUw7Pz3ZB1jj2gW9Fvmg=="],

    "@types/node": ["@types/node@26.5.0", "", { "dependencies": { "undici-types": "~8.9.0" } }, "sha512-dVSGpriSoCgz8WnDNTuSSuSv1PC/ALXihO4ulRZt7Md8k9mlbdin3lGOcDE8SnWOgf513ByWlXd7BK4azmyg/A=="],

    "@types/trusted-types": ["@types/trusted-types@2.0.7", "", {}, "sha512-ScaPdn1dQczgbl0QFTeTOmVHFULt394XJgOQNoyVhZ6r2vLnMLJfBPd53SB52T/3G36VI1/g2MZaX0cwDuXsfw=="],

    "@types/whatwg-mimetype": ["@types/whatwg-mimetype@3.0.2", "", {}, "sha512-c2AKvDT8ToxLIOUlN51gTiHXflsfIFisS4pO7pDPoKouJCESkhZnEy623gwP9laCy5lnLDAw1vAzu2vM2YLOrA=="],

    "@types/ws": ["@types/ws@8.18.1", "", { "dependencies": { "@types/node": "*" } }, "sha512-ThVF6DCVhA8kUGy+aazFQ4kXQ7E1Ty7A3ypFOe0IcJV8O/M511G99AW24irKrW56Wt44yG9+ij8FaqoBGkuBXg=="],

    "@vscode/web-custom-data": ["@vscode/web-custom-data@0.4.13", "", {}, "sha512-2ZUIRfhofZ/npLlf872EBnPmn27Kt4M2UssmQIfnJvgGgMYZJ5fvtHEDnttBBf2hnVtBgNCqZMVHJA+wsFVqTA=="],

    "@zag-js/dom-query": ["@zag-js/dom-query@1.43.3", "", { "dependencies": { "@zag-js/types": "1.43.3" } }, "sha512-kpTTYMemMmHxhp4gyOllK7/Lf86AySTO+AlGds9iQM21eUwi1jvc9q3VTxP+qD/KwHePGftfPwkwxifC3iSGbw=="],

    "@zag-js/remove-scroll": ["@zag-js/remove-scroll@1.43.3", "", { "dependencies": { "@zag-js/dom-query": "1.43.3" } }, "sha512-1bX6IQM7q26uL0476wFqtaebeIeDheyJd8fuje2zXTCg1XDRHJmRsM/tzcmcdi4W5s+hG0cUCfuVzUTXvODM5Q=="],

    "@zag-js/types": ["@zag-js/types@1.43.3", "", { "dependencies": { "csstype": "3.2.3" } }, "sha512-QokzUgkJ7a/TRE8SAXqlm1XfiNDbyM8y+mx0PpmzHa8bvmWXLEe/Zx2TRz8aYoGim75NluYzDy3x+WWileF7uA=="],

    "ansi-regex": ["ansi-regex@5.0.1", "", {}, "sha512-quJQXlTSUGL2LH9SUXo8VwsY4soanhgo6LNSm84E1LBcE8s3O0wpdiRzyR9z/ZZJMlMWv37qOOb9pdJlMUEKFQ=="],

    "ansi-styles": ["ansi-styles@3.2.1", "", { "dependencies": { "color-convert": "^1.9.0" } }, "sha512-VT0ZI6kZRdTh8YyJw3SMbYm/u+NqfsAxEpWO0Pf9sq8/e94WxxOpPKx9FR1FlyCtOVDNOQ+8ntlqFxiRc+r5qA=="],

    "braces": ["braces@3.0.3", "", { "dependencies": { "fill-range": "^7.1.1" } }, "sha512-yQbXgO/OSZVD2IsiLlro+7Hf6Q18EJrKSEsdoMzKePKXct3gvD8oLcOQdIzGupr5Fj+EDe8gO/lxc1BzfMpxvA=="],

    "buffer-image-size": ["buffer-image-size@0.6.4", "", { "dependencies": { "@types/node": "*" } }, "sha512-nEh+kZOPY1w+gcCMobZ6ETUp9WfibndnosbpwB1iJk/8Gt5ZF2bhS6+B6bPYz424KtwsR6Rflc3tCz1/ghX2dQ=="],

    "bun-types": ["bun-types@1.4.2", "", { "dependencies": { "@types/node": "*" } }, "sha512-bxV1FgK7yBIzjRe5zBozIM4Bem11ZJcCXSrjWRG3YWLt8yFDePu4cLjpebO8OvPeIE9trbyPF4fuj3Cia4Fj3w=="],

    "chalk": ["chalk@2.4.2", "", { "dependencies": { "ansi-styles": "^3.2.1", "escape-string-regexp": "^1.0.5", "supports-color": "^5.3.0" } }, "sha512-Mti+f9lpJNcwF4tWV8/OrTTtF1gZi+f8FqlyAdouralcFWFQWF2+NgCHShjkCb+IFBLq9buZwE1xckQU4peSuQ=="],

    "cliui": ["cliui@8.0.1", "", { "dependencies": { "string-width": "^4.2.0", "strip-ansi": "^6.0.1", "wrap-ansi": "^7.0.0" } }, "sha512-BSeNnyus75C4//NQ9gQt1/csTXyo/8Sb+afLAkzAptFuMsod9HFokGNudZpi/oQV73hnVK+sR+5PVRMd+Dr7YQ=="],

    "color-convert": ["color-convert@1.9.3", "", { "dependencies": { "color-name": "1.1.3" } }, "sha512-QfAUtd+vFdAtFQcC8CCyYt1fYWxSqAiK2cSD6zDB8N3cpsEBAvRxp9zOGg6G/SHHJYAT88/az/IuDGALsNVbGg=="],

    "color-name": ["color-name@1.1.3", "", {}, "sha512-72fSenhMw2HZMTVHeCA9KCmpEIbzWiQsjN+BHcBbS9vr1mtt+vJjPdksIBNUmKAW8TFUDPJK5SUU3QhE9NEXDw=="],

    "csstype": ["csstype@3.2.3", "", {}, "sha512-z1HGKcYy2xA8AGQfwrn0PAy+PB7X/GSj3UVJW9qKyn43xWa+gl5nXmU4qqLMRzWVLFC8KusUX8T/0kCiOYpAIQ=="],

    "d3-array": ["d3-array@3.2.4", "", { "dependencies": { "internmap": "1 - 2" } }, "sha512-tdQAmyA18i4J7wprpYq8ClcxZy3SC31QMeByyCFyRt7BVHdREQZ5lpzoe5mFEYZUWe+oq8HBvk9JjpibyEV4Jg=="],

    "d3-brush": ["d3-brush@3.0.0", "", { "dependencies": { "d3-dispatch": "1 - 3", "d3-drag": "2 - 3", "d3-interpolate": "1 - 3", "d3-selection": "3", "d3-transition": "3" } }, "sha512-ALnjWlVYkXsVIGlOsuWH1+3udkYFI48Ljihfnh8FZPF2QS9o+PzGLBslO0PjzVoHLZ2KCVgAM8NVkXPJB2aNnQ=="],

    "d3-color": ["d3-color@3.1.0", "", {}, "sha512-zg/chbXyeBtMQ1LbD/WSoW2DpC3I0mpmPdW+ynRTj/x2DAWYrIY7qeZIHidozwV24m4iavr15lNwIwLxRmOxhA=="],

    "d3-contour": ["d3-contour@4.0.2", "", { "dependencies": { "d3-array": "^3.2.0" } }, "sha512-4EzFTRIikzs47RGmdxbeUvLWtGedDUNkTcmzoeyg4sP/dvCexO47AaQL7VKy/gul85TOxw+IBgA8US2xwbToNA=="],

    "d3-delaunay": ["d3-delaunay@6.0.4", "", { "dependencies": { "delaunator": "5" } }, "sha512-mdjtIZ1XLAM8bm/hx3WwjfHt6Sggek7qH043O8KEjDXN40xi3vx/6pYSVTwLjEgiXQTbvaouWKynLBiUZ6SK6A=="],

    "d3-dispatch": ["d3-dispatch@3.0.1", "", {}, "sha512-rzUyPU/S7rwUflMyLc1ETDeBj0NRuHKKAcvukozwhshr6g6c5d8zh4c2gQjY2bZ0dXeGLWc1PF174P2tVvKhfg=="],

    "d3-drag": ["d3-drag@3.0.0", "", { "dependencies": { "d3-dispatch": "1 - 3", "d3-selection": "3" } }, "sha512-pWbUJLdETVA8lQNJecMxoXfH6x+mO2UQo8rSmZ+QqxcbyA3hfeprFgIT//HW2nlHChWeIIMwS2Fq+gEARkhTkg=="],

    "d3-ease": ["d3-ease@3.0.1", "", {}, "sha512-wR/XK3D3XcLIZwpbvQwQ5fK+8Ykds1ip7A2Txe0yxncXSdq1L9skcG7blcedkOX+ZcgxGAmLX1FrRGbADwzi0w=="],

    "d3-force": ["d3-force@3.0.0", "", { "dependencies": { "d3-dispatch": "1 - 3", "d3-quadtree": "1 - 3", "d3-timer": "1 - 3" } }, "sha512-zxV/SsA+U4yte8051P4ECydjD/S+qeYtnaIyAs9tgHCqfguma/aAQDjo85A9Z6EKhBirHRJHXIgJUlffT4wdLg=="],

    "d3-format": ["d3-format@3.1.2", "", {}, "sha512-AJDdYOdnyRDV5b6ArilzCPPwc1ejkHcoyFarqlPqT7zRYjhavcT3uSrqcMvsgh2CgoPbK3RCwyHaVyxYcP2Arg=="],

    "d3-geo": ["d3-geo@3.1.1", "", { "dependencies": { "d3-array": "2.5.0 - 3" } }, "sha512-637ln3gXKXOwhalDzinUgY83KzNWZRKbYubaG+fGVuc/dxO64RRljtCTnf5ecMyE1RIdtqpkVcq0IbtU2S8j2Q=="],

    "d3-hexbin": ["d3-hexbin@0.2.2", "", {}, "sha512-KS3fUT2ReD4RlGCjvCEm1RgMtp2NFZumdMu4DBzQK8AZv3fXRM6Xm8I4fSU07UXvH4xxg03NwWKWdvxfS/yc4w=="],

    "d3-hierarchy": ["d3-hierarchy@3.1.2", "", {}, "sha512-FX/9frcub54beBdugHjDCdikxThEqjnR93Qt7PvQTOHxyiNCAlvMrHhclk3cD5VeAaq9fxmfRp+CnWw9rEMBuA=="],

    "d3-interpolate": ["d3-interpolate@3.0.1", "", { "dependencies": { "d3-color": "1 - 3" } }, "sha512-3bYs1rOD33uo8aqJfKP3JWPAibgw8Zm2+L9vBKEHJ2Rg+viTR7o5Mmv5mZcieN+FRYaAOWX5SJATX6k1PWz72g=="],

    "d3-path": ["d3-path@3.1.0", "", {}, "sha512-p3KP5HCf/bvjBSSKuXid6Zqijx7wIfNW+J/maPs+iwR35at5JCbLUT0LzF1cnjbCHWhqzQTIN2Jpe8pRebIEFQ=="],

    "d3-quadtree": ["d3-quadtree@3.0.1", "", {}, "sha512-04xDrxQTDTCFwP5H6hRhsRcb9xxv2RzkcsygFzmkSIOJy3PeRJP7sNk3VRIbKXcog561P9oU0/rVH6vDROAgUw=="],

    "d3-sankey": ["d3-sankey@0.12.3", "", { "dependencies": { "d3-array": "1 - 2", "d3-shape": "^1.2.0" } }, "sha512-nQhsBRmM19Ax5xEIPLMY9ZmJ/cDvd1BG3UVvt5h3WRxKg5zGRbvnteTyWAbzeSvlh3tW7ZEmq4VwR5mB3tutmQ=="],

    "d3-scale": ["d3-scale@4.0.2", "", { "dependencies": { "d3-array": "2.10.0 - 3", "d3-format": "1 - 3", "d3-interpolate": "1.2.0 - 3", "d3-time": "2.1.1 - 3", "d3-time-format": "2 - 4" } }, "sha512-GZW464g1SH7ag3Y7hXjf8RoUuAFIqklOAq3MRl4OaWabTFJY9PN/E1YklhXLh+OQ3fM9yS2nOkCoS+WLZ6kvxQ=="],

    "d3-selection": ["d3-selection@3.0.0", "", {}, "sha512-fmTRWbNMmsmWq6xJV8D19U/gw/bwrHfNXxrIN+HfZgnzqTHp9jOmKMhsTUjXOJnZOdZY9Q28y4yebKzqDKlxlQ=="],

    "d3-shape": ["d3-shape@3.2.0", "", { "dependencies": { "d3-path": "^3.1.0" } }, "sha512-SaLBuwGm3MOViRq2ABk3eLoxwZELpH6zhl3FbAoJ7Vm1gofKx6El1Ib5z23NUEhF9AsGl7y+dzLe5Cw2AArGTA=="],

    "d3-time": ["d3-time@3.1.0", "", { "dependencies": { "d3-array": "2 - 3" } }, "sha512-VqKjzBLejbSMT4IgbmVgDjpkYrNWUYJnbCGo874u7MMKIWsILRX+OpX/gTk8MqjpT1A/c6HY2dCA77ZN0lkQ2Q=="],

    "d3-time-format": ["d3-time-format@4.1.0", "", { "dependencies": { "d3-time": "1 - 3" } }, "sha512-dJxPBlzC7NugB2PDLwo9Q8JiTR3M3e4/XANkreKSUxF8vvXKqm1Yfq4Q5dl8budlunRVlUUaDUgFt7eA8D6NLg=="],

    "d3-timer": ["d3-timer@3.0.1", "", {}, "sha512-ndfJ/JxxMd3nw31uyKoY2naivF+r29V+Lc0svZxe1JvvIRmi8hUsrMvdOwgS1o6uBHmiz91geQ0ylPP0aj1VUA=="],

    "d3-transition": ["d3-transition@3.0.1", "", { "dependencies": { "d3-color": "1 - 3", "d3-dispatch": "1 - 3", "d3-ease": "1 - 3", "d3-interpolate": "1 - 3", "d3-timer": "1 - 3" }, "peerDependencies": { "d3-selection": "2 - 3" } }, "sha512-ApKvfjsSR6tg06xrL434C0WydLr7JewBB3V+/39RMHsaXTOG0zmt/OAXeng5M5LBm0ojmxJrpomQVZ1aPvBL4w=="],

    "d3-zoom": ["d3-zoom@3.0.0", "", { "dependencies": { "d3-dispatch": "1 - 3", "d3-drag": "2 - 3", "d3-interpolate": "1 - 3", "d3-selection": "2 - 3", "d3-transition": "2 - 3" } }, "sha512-b8AmV3kfQaqWAuacbPuNbL6vahnOJflOhexLzMMNLga62+/nh0JzvJ0aO/5a5MVgUFGS7Hu1P9P03o3fJkDCyw=="],

    "delaunator": ["delaunator@5.1.0", "", { "dependencies": { "robust-predicates": "^3.0.2" } }, "sha512-AGrQ4QSgssa1NGmWmLPqN5NY2KajF5MqxetNEO+o0n3ZwZZeTmt7bBnvzHWrmkZFxGgr4HdyFgelzgi06otLuQ=="],

    "didyoumean2": ["didyoumean2@4.1.0", "", { "dependencies": { "@babel/runtime": "^7.10.2", "leven": "^3.1.0", "lodash.deburr": "^4.1.0" } }, "sha512-qTBmfQoXvhKO75D/05C8m+fteQmn4U46FWYiLhXtZQInzitXLWY0EQ/2oKnpAz9g2lQWW8jYcLcT+hPJGT+kig=="],

    "emoji-regex": ["emoji-regex@8.0.0", "", {}, "sha512-MSjYzcWNOA0ewAHpz0MxpYFvwg6yjy1NG3xteoqz644VCo/RPgnr1/GGt+ic3iJTzQ8Eu3TdM14SawnVUmGE6A=="],

    "entities": ["entities@4.5.0", "", {}, "sha512-V0hjH4dGPh9Ao5p0MoRY6BVqtwCjhz6vI5LT8AJ55H+4g9/4vbHx1I54fS0XuclLhDHArPQCiMjDxjaL8fPxhw=="],

    "escalade": ["escalade@3.2.0", "", {}, "sha512-WUj2qlxaQtO4g6Pq5c29GTcWGDyd8itL8zTlipgECz3JesAiiOKotd8JU6otB3PACgG6xkJUyVhboMS+bje/jA=="],

    "escape-string-regexp": ["escape-string-regexp@1.0.5", "", {}, "sha512-vbRorB5FUQWvla16U8R/qgaFIya2qGzwDrNmCZuYKrbdSUMG6I1ZCGQRefkRVhuOkIGVne7BQ35DSfo1qvJqFg=="],

    "fast-glob": ["fast-glob@3.3.3", "", { "dependencies": { "@nodelib/fs.stat": "^2.0.2", "@nodelib/fs.walk": "^1.2.3", "glob-parent": "^5.1.2", "merge2": "^1.3.0", "micromatch": "^4.0.8" } }, "sha512-7MptL8U0cqcFdzIzwOTHoilX9x5BrNqye7Z/LuC7kCMRio1EMSyqRK3BEAUD7sXRq4iT4AzTVuZdhgQ2TCvYLg=="],

    "fastq": ["fastq@1.20.3", "", { "dependencies": { "reusify": "^1.0.4" } }, "sha512-XKv5nnLs6nLF71NgiKJLIZFLkPyIEuOselLG7ujZnGrRfQK8HpvY+WqKhAJUAdLomwVHErVS4LfxFlPq0/FTAw=="],

    "fill-range": ["fill-range@7.1.1", "", { "dependencies": { "to-regex-range": "^5.0.1" } }, "sha512-YsGpe3WHLK8ZYi4tWDg2Jy3ebRz2rXowDxnld4bkQB00cc/1Zw9AWnC0i9ztDJitivtQvaI9KaLyKrc+hBW0yg=="],

    "get-caller-file": ["get-caller-file@2.0.5", "", {}, "sha512-DyFP3BM/3YHTQOCUL/w0OZHR0lpKeGrxotcHWcqNEdnltqFwXVfhEBQ94eIo34AfQpo0rGki4cyIiftY06h2Fg=="],

    "glob-parent": ["glob-parent@5.1.2", "", { "dependencies": { "is-glob": "^4.0.1" } }, "sha512-AOIgSQCepiJYwP3ARnGx+5VnTu2HBYdzbGP45eLw1vr3zB3vZLeyed1sC9hnbcOc9/SrMyM5RPQrkGz4aS9Zow=="],

    "happy-dom": ["happy-dom@15.11.7", "", { "dependencies": { "entities": "^4.5.0", "webidl-conversions": "^7.0.0", "whatwg-mimetype": "^3.0.0" } }, "sha512-KyrFvnl+J9US63TEzwoiJOQzZBJY7KgBushJA8X61DMbNsH+2ONkDuLDnCnwUiPTF42tLoEmrPyoqbenVA5zrg=="],

    "has-flag": ["has-flag@3.0.0", "", {}, "sha512-sKJf1+ceQBr4SMkvQnBDNDtf4TXpVhVGateu0t918bl30FnbE2m4vNLX+VWe/dpjlb+HugGYzW7uQXH98HPEYw=="],

    "internmap": ["internmap@2.0.3", "", {}, "sha512-5Hh7Y1wQbvY5ooGgPbDaL5iYLAPzMTUrjMulskHLH6wnv/A+1q5rgEaiuqEjB+oxGXIVZs1FF+R/KPN3ZSQYYg=="],

    "is-extglob": ["is-extglob@2.1.1", "", {}, "sha512-SbKbANkN603Vi4jEZv49LeVJMn4yGwsbzZworEoyEiutsN3nJYdbO36zfhGJ6QEDpOZIFkDtnq5JRxmvl3jsoQ=="],

    "is-fullwidth-code-point": ["is-fullwidth-code-point@3.0.0", "", {}, "sha512-zymm5+u+sCsSWyD9qNaejV3DFvhCKclKdizYaJUuHA83RLjb7nSuGnddCHGv0hk+KY7BMAlsWeK4Ueg6EV6XQg=="],

    "is-glob": ["is-glob@4.0.3", "", { "dependencies": { "is-extglob": "^2.1.1" } }, "sha512-xelSayHH36ZgE7ZWhli7pW34hNbNl8Ojv5KVmkJD4hBdD3th8Tfk9vYasLM+mXWOZhFkgZfxhLSnrwRr4elSSg=="],

    "is-number": ["is-number@7.0.0", "", {}, "sha512-41Cifkg6e8TylSpdtTpeLVMqvSBEVzTttHvERD741+pnZ8ANv0004MRL43QKPDlK9cGvNp6NZWZUBlbGXYxxng=="],

    "jsonc-parser": ["jsonc-parser@1.0.3", "", {}, "sha512-hk/69oAeaIzchq/v3lS50PXuzn5O2ynldopMC+SWBql7J2WtdptfB9dy8Y7+Og5rPkTCpn83zTiO8FMcqlXJ/g=="],

    "leven": ["leven@3.1.0", "", {}, "sha512-qsda+H8jTaUaN/x5vzW2rzc+8Rw4TAQ/4KjB46IwK5VH+IlVeeeje/EoZRpiXvIqjFgK84QffqPztGI3VBLG1A=="],

    "lit": ["lit@3.3.3", "", { "dependencies": { "@lit/reactive-element": "^2.1.0", "lit-element": "^4.2.0", "lit-html": "^3.3.0" } }, "sha512-fycuvZg/hkpozL00lm1pEJH5nN/lr9ZXd6mJI2HSN4+Bzc+LDNdEApJ6HFbPkdFNHLvOplIIuJvxkS4XUxqirw=="],

    "lit-analyzer": ["lit-analyzer@2.0.3", "", { "dependencies": { "@vscode/web-custom-data": "^0.4.2", "chalk": "^2.4.2", "didyoumean2": "4.1.0", "fast-glob": "^3.2.11", "parse5": "5.1.0", "ts-simple-type": "~2.0.0-next.0", "vscode-css-languageservice": "4.3.0", "vscode-html-languageservice": "3.1.0", "web-component-analyzer": "^2.0.0" }, "bin": { "lit-analyzer": "cli.js" } }, "sha512-XiAjnwVipNrKav7r3CSEZpWt+mwYxrhPRVC7h8knDmn/HWTzzWJvPe+mwBcL2brn4xhItAMzZhFC8tzzqHKmiQ=="],

    "lit-element": ["lit-element@4.2.2", "", { "dependencies": { "@lit-labs/ssr-dom-shim": "^1.5.0", "@lit/reactive-element": "^2.1.0", "lit-html": "^3.3.0" } }, "sha512-aFKhNToWxoyhkNDmWZwEva2SlQia+jfG0fjIWV//YeTaWrVnOxD89dPKfigCUspXFmjzOEUQpOkejH5Ly6sG0w=="],

    "lit-html": ["lit-html@3.3.3", "", { "dependencies": { "@types/trusted-types": "^2.0.2" } }, "sha512-el8M6jK2o3RXBnrSHX3ZKrsN8zEV63pSExTO1wYJz7QndGYZ8353e2a5PPX+qHe2aGayfnchQmkAojaWAREOIA=="],

    "lodash.deburr": ["lodash.deburr@4.1.0", "", {}, "sha512-m/M1U1f3ddMCs6Hq2tAsYThTBDaAKFDX3dwDo97GEYzamXi9SqUpjWi/Rrj/gf3X2n8ktwgZrlP1z6E3v/IExQ=="],

    "merge2": ["merge2@1.4.1", "", {}, "sha512-8q7VEgMJW4J8tcfVPy8g09NcQwZdbwFEqhe/WZkoIzjn/3TGDwtOCYtXGxA3O8tPzpczCCDgv+P2P5y00ZJOOg=="],

    "micromatch": ["micromatch@4.0.8", "", { "dependencies": { "braces": "^3.0.3", "picomatch": "^2.3.1" } }, "sha512-PXwfBhYu0hBCPw8Dn0E+WDYb7af3dSLVWKi3HGv84IdF4TyFoC0ysxFd0Goxw7nSv4T/PzEJQxsYsEiFCKo2BA=="],

    "package-json-type": ["package-json-type@1.1.2", "", {}, "sha512-QMy9vgEVIkHp/6LI0H7v6P+7ZFp0zQyPZfv8rGV/JoDhu63WMgzoQS34Pm+T0S5j/b9Zbkrx4SE8YOv2huou6Q=="],

    "parse5": ["parse5@7.3.0", "", { "dependencies": { "entities": "^6.0.0" } }, "sha512-IInvU7fabl34qmi9gY8XOVxhYyMyuH2xUNpb2q8/Y+7552KlejkRvqvD19nMoUW/uQGGbqNpA6Tufu5FL5BZgw=="],

    "picomatch": ["picomatch@2.3.2", "", {}, "sha512-V7+vQEJ06Z+c5tSye8S+nHUfI51xoXIXjHQ99cQtKUkQqqO1kO/KCJUfZXuB47h/YBlDhah2H3hdUGXn8ie0oA=="],

    "queue-microtask": ["queue-microtask@1.2.3", "", {}, "sha512-NuaNSa6flKT5JaSYQzJok04JzTL1CA6aGhv5rfLW3PgqA+M2ChpZQnAC8h8i4ZFkBS8X5RqkDBHA7r4hej3K9A=="],

    "require-directory": ["require-directory@2.1.1", "", {}, "sha512-fGxEI7+wsG9xrvdjsrlmL22OMTTiHRwAMroiEeMgq8gzoLC/PQr7RsRDSTLUg/bZAZtF+TVIkHc6/4RIKrui+Q=="],

    "reusify": ["reusify@1.1.0", "", {}, "sha512-g6QUff04oZpHs0eG5p83rFLhHeV00ug/Yf9nZM6fLeUrPguBTkTQOdpAWWspMh55TZfVQDPaN3NQJfbVRAxdIw=="],

    "robust-predicates": ["robust-predicates@3.0.3", "", {}, "sha512-NS3levdsRIUOmiJ8FZWCP7LG3QpJyrs/TE0Zpf1yvZu8cAJJ6QMW92H1c7kWpdIHo8RvmLxN/o2JXTKHp74lUA=="],

    "run-parallel": ["run-parallel@1.2.0", "", { "dependencies": { "queue-microtask": "^1.2.2" } }, "sha512-5l4VyZR86LZ/lDxZTR6jqL8AFE2S0IFLMP26AbjsLVADxHdhB/c0GUsH+y39UfCi3dzz8OlQuPmnaJOMoDHQBA=="],

    "string-width": ["string-width@4.2.3", "", { "dependencies": { "emoji-regex": "^8.0.0", "is-fullwidth-code-point": "^3.0.0", "strip-ansi": "^6.0.1" } }, "sha512-wKyQRQpjJ0sIp62ErSZdGsjMJWsap5oRNihHhu6G7JVO/9jIB6UyevL+tXuOqrng8j/cxKTWyWUwvSTriiZz/g=="],

    "strip-ansi": ["strip-ansi@6.0.1", "", { "dependencies": { "ansi-regex": "^5.0.1" } }, "sha512-Y38VPSHcqkFrCpFnQ9vuSXmquuv5oXOKpGeT6aGrr3o3Gc9AlVa6JBfUSOCnbxGGZF+/0ooI7KrPuUSztUdU5A=="],

    "supports-color": ["supports-color@5.5.0", "", { "dependencies": { "has-flag": "^3.0.0" } }, "sha512-QjVjwdXIt408MIiAqCX4oUKsgU2EqAGzs2Ppkm4aQYbjm+ZEWEcW4SfFNTr4uMNZma0ey4f5lgLrkB0aX0QMow=="],

    "to-regex-range": ["to-regex-range@5.0.1", "", { "dependencies": { "is-number": "^7.0.0" } }, "sha512-65P7iz6X5yEr1cwcgvQxbbIw7Uk3gOy5dIdtZ4rDveLqhrdJP+Li/Hx6tyK0NEb+2GCyneCMJiGqrADCSNk8sQ=="],

    "ts-lit-plugin": ["ts-lit-plugin@2.0.2", "", { "dependencies": { "lit-analyzer": "^2.0.1", "web-component-analyzer": "^2.0.0" } }, "sha512-DPXlVxhjWHxg8AyBLcfSYt2JXgpANV1ssxxwjY98o26gD8MzeiM68HFW9c2VeDd1CjoR3w7B/6/uKxwBQe+ioA=="],

    "ts-simple-type": ["ts-simple-type@2.0.0-next.0", "", {}, "sha512-A+hLX83gS+yH6DtzNAhzZbPfU+D9D8lHlTSd7GeoMRBjOt3GRylDqLTYbdmjA4biWvq2xSfpqfIDj2l0OA/BVg=="],

    "tslib": ["tslib@2.8.1", "", {}, "sha512-oJFu94HQb+KVduSUQL7wnpmqnfmLsOA/nAh6b6EH0wCEoK0/mPeXU6c3wKDV83MkOuHPRHtSXKKU99IBazS/2w=="],

    "typescript": ["typescript@5.9.3", "", { "bin": { "tsc": "bin/tsc", "tsserver": "bin/tsserver" } }, "sha512-jl1vZzPDinLr9eUt3J/t7V6FgNEw9QjvBPdysz9KfQDD41fQrC2Y4vKQdiaUpFT4bXlb1RHhLpp8wtm6M5TgSw=="],

    "typescript-lit-html-plugin": ["typescript-lit-html-plugin@0.9.1", "", { "dependencies": { "typescript-styled-plugin": "^0.13.0", "typescript-template-language-service-decorator": "^2.2.0", "vscode-html-languageservice": "^2.1.10", "vscode-languageserver-types": "^3.13.0" } }, "sha512-cpBYDJ4t2mSSwdLnVAoKuSsrGXaFnx8gXdN0TFFfZ/sv1mO1PsJOVk+gIIntz4PReIjoEPH50yqd9zUJ/UVZDQ=="],

    "typescript-styled-plugin": ["typescript-styled-plugin@0.13.0", "", { "dependencies": { "typescript-template-language-service-decorator": "^2.0.0", "vscode-css-languageservice": "^3.0.12", "vscode-emmet-helper": "1.2.11", "vscode-languageserver-types": "^3.13.0" } }, "sha512-GGMzv/JAd4S8mvWgHZslvW2G1HHrdurrp93oSR4h85SM8e5at7+KCqHsZICiTaL+iN25YGkJqoaZe4XklA76rg=="],

    "typescript-template-language-service-decorator": ["typescript-template-language-service-decorator@2.3.2", "", {}, "sha512-hN0zNkr5luPCeXTlXKxsfBPlkAzx86ZRM1vPdL7DbEqqWoeXSxplACy98NpKpLmXsdq7iePUzAXloCAoPKBV6A=="],

    "undici-types": ["undici-types@8.9.0", "", {}, "sha512-KTDyRTYX8sWmKXAikPHHSyc63CRPETMctyjKFupcC6OBLXT3xsN0e9aF7m+mIXutFWpUXuedtowG7iLOzp0kQg=="],

    "urlpattern-polyfill": ["urlpattern-polyfill@10.1.0", "", {}, "sha512-IGjKp/o0NL3Bso1PymYURCJxMPNAf/ILOpendP9f5B6e1rTJgdgiOvgfoT8VxCAdY+Wisb9uhGaJJf3yZ2V9nw=="],

    "vscode-css-languageservice": ["vscode-css-languageservice@4.3.0", "", { "dependencies": { "vscode-languageserver-textdocument": "^1.0.1", "vscode-languageserver-types": "3.16.0-next.2", "vscode-nls": "^4.1.2", "vscode-uri": "^2.1.2" } }, "sha512-BkQAMz4oVHjr0oOAz5PdeE72txlLQK7NIwzmclfr+b6fj6I8POwB+VoXvrZLTbWt9hWRgfvgiQRkh5JwrjPJ5A=="],

    "vscode-emmet-helper": ["vscode-emmet-helper@1.2.11", "", { "dependencies": { "@emmetio/extract-abbreviation": "0.1.6", "jsonc-parser": "^1.0.0", "vscode-languageserver-types": "^3.6.0-next.1" } }, "sha512-ms6/Z9TfNbjXS8r/KgbGxrNrFlu4RcIfVJxTZ2yFi0K4gn+Ka9X1+8cXvb5+5IOBGUrOsPjR0BuefdDkG+CKbQ=="],

    "vscode-html-languageservice": ["vscode-html-languageservice@2.1.12", "", { "dependencies": { "vscode-languageserver-types": "^3.13.0", "vscode-nls": "^4.0.0", "vscode-uri": "^1.0.6" } }, "sha512-mIb5VMXM5jI97HzCk2eadI1K//rCEZXte0wBqA7PGXsyJH4KTyJUaYk9MR+mbfpUl2vMi3HZw9GUOLGYLc6l5w=="],

    "vscode-languageserver-textdocument": ["vscode-languageserver-textdocument@1.0.14", "", {}, "sha512-EQyqJMi552E4ZTf46izQ4Fj6XquqxCySR3J5ZSD1SisMf6RfpeOWHxGBE8Gr6V0/3GHIGdAzDn8F8+1nTGCnoQ=="],

    "vscode-languageserver-types": ["vscode-languageserver-types@3.18.3", "", {}, "sha512-XIlzJ7Qp/jzSI1ds7/FwPAWrPeTZA7pAtlW4hdJ1J6xXWJL6dR9QYnDhJOdLzdKhUQ5Mm6mvUMw+3DcOQQasPw=="],

    "vscode-nls": ["vscode-nls@4.1.2", "", {}, "sha512-7bOHxPsfyuCqmP+hZXscLhiHwe7CSuFE4hyhbs22xPIhQ4jv99FcR4eBzfYYVLP356HNFpdvz63FFb/xw6T4Iw=="],

    "vscode-uri": ["vscode-uri@1.0.8", "", {}, "sha512-obtSWTlbJ+a+TFRYGaUumtVwb+InIUVI0Lu0VBUAPmj2cU5JutEXg3xUE0c2J5Tcy7h2DEKVJBFi+Y9ZSFzzPQ=="],

    "web-component-analyzer": ["web-component-analyzer@2.0.0", "", { "dependencies": { "fast-glob": "^3.2.2", "ts-simple-type": "2.0.0-next.0", "typescript": "~5.2.0", "yargs": "^17.7.2" }, "bin": { "wca": "cli.js", "web-component-analyzer": "cli.js" } }, "sha512-UEvwfpD+XQw99sLKiH5B1T4QwpwNyWJxp59cnlRwFfhUW6JsQpw5jMeMwi7580sNou8YL3kYoS7BWLm+yJ/jVQ=="],

    "webidl-conversions": ["webidl-conversions@7.0.0", "", {}, "sha512-VwddBukDzu71offAQR975unBIGqfKZpM+8ZX6ySk8nYhVoo5CYaZyzt3YBvYtRtO+aoGlqxPg/B87NGVZ/fu6g=="],

    "whatwg-mimetype": ["whatwg-mimetype@3.0.0", "", {}, "sha512-nt+N2dzIutVRxARx1nghPKGv1xHikU7HKdfafKkLNLindmPU/ch3U31NOCGGA/dmPcmb1VlofO0vnKAcsm0o/Q=="],

    "wobble": ["wobble@1.5.1", "", {}, "sha512-vQD1uu0yXhZWfQJKVf2UVNb3AVnD0qXAbcIqG6Aw02ABLVm77xz6KcLuduWSwOiOMNh8TjZqouZsHTJWTdLwVQ=="],

    "wrap-ansi": ["wrap-ansi@7.0.0", "", { "dependencies": { "ansi-styles": "^4.0.0", "string-width": "^4.1.0", "strip-ansi": "^6.0.0" } }, "sha512-YVGIj2kamLSTxw6NsZjoBxfSwsn0ycdesmc4p+Q21c5zPuZ1pl+NfxVdxPtdHvmNVOQ6XSYG4AUtyt/Fi7D16Q=="],

    "ws": ["ws@8.21.3", "", { "peerDependencies": { "bufferutil": "^4.0.1", "utf-8-validate": ">=5.0.2" }, "optionalPeers": ["bufferutil", "utf-8-validate"] }, "sha512-201TZ/kPWxoPr/OKWjquZR1SWKXcvxdH+e1xrx89b3YbmzLMFCLfnaG1HFIgWzJOEWZ7MvpK++odZufgYR50Rw=="],

    "y18n": ["y18n@5.0.8", "", {}, "sha512-0pfFzegeDWJHJIAmTLRP2DwHjdF5s7jo9tuztdQxAhINCdvS+3nGINqPd00AphqJR/0LhANUS6/+7SCb98YOfA=="],

    "yargs": ["yargs@17.7.3", "", { "dependencies": { "cliui": "^8.0.1", "escalade": "^3.1.1", "get-caller-file": "^2.0.5", "require-directory": "^2.1.1", "string-width": "^4.2.3", "y18n": "^5.0.5", "yargs-parser": "^21.1.1" } }, "sha512-GZtjxm/J/4TSxuL3FNYjCmLktBTnIw/rVmKSIyKeYAZpmJB2ig9VauCC5xsa82GNKVKDAqpOn3KVzNt0zmrU0g=="],

    "yargs-parser": ["yargs-parser@21.1.1", "", {}, "sha512-tVpsJW7DdjecAiFpbIB1e3qxIQsE6NoPc5/eTdrbbIC4h0LVsWhnoa3g+m2HclBIujHzsxZ4VJVA+GUuc2/LBw=="],

    "@happy-dom/global-registrator/happy-dom": ["happy-dom@20.14.0", "", { "dependencies": { "@types/node": ">=20.0.0", "@types/whatwg-mimetype": "^3.0.2", "@types/ws": "^8.18.1", "buffer-image-size": "^0.6.4", "entities": "^7.0.1", "whatwg-mimetype": "^3.0.0", "ws": "^8.21.0" } }, "sha512-4bRh1KzRvKDnFNTlLhzT1RZTpkKhQbQDl9j+7GXszWsvuspYdo29k6OHRf4PwiM6oLb8r/pMWeYiJjkfod5AvQ=="],

    "@lit-labs/analyzer/@parse5/tools": ["@parse5/tools@0.7.0", "", { "peerDependencies": { "parse5": "7.x || 8.x" } }, "sha512-JDvrGhc8kYBq7/SM4obJkpgwWo6pRjF/fo9CCaiJyVOkDf203Ciq2UF6TjzCFXKs7Q/zS2sS4deyBx0XzRvh9Q=="],

    "@tanstack/form-core/@tanstack/devtools-event-client": ["@tanstack/devtools-event-client@0.4.4", "", { "bin": { "intent": "./bin/intent.js" } }, "sha512-6T5Yop/793YI+H+5J8Hsyj4kCih9sl4t3ElLgKioW5hk3ocn+ZdSJ94tT7vL7uabxSugWYBZlOTMPzEw2puvQw=="],

    "@tanstack/form-core/@tanstack/store": ["@tanstack/store@0.11.1", "", {}, "sha512-mzTOBhypOuDJAy/D8n2MfUZ1HFkXnmSETviRyhqEC8LUE7/IZQExOTxMANj3KjTofYTkFNpBY67qaVrT41YccA=="],

    "@tanstack/hotkeys/@tanstack/store": ["@tanstack/store@0.11.1", "", {}, "sha512-mzTOBhypOuDJAy/D8n2MfUZ1HFkXnmSETviRyhqEC8LUE7/IZQExOTxMANj3KjTofYTkFNpBY67qaVrT41YccA=="],

    "@tanstack/pacer/@tanstack/store": ["@tanstack/store@0.11.1", "", {}, "sha512-mzTOBhypOuDJAy/D8n2MfUZ1HFkXnmSETviRyhqEC8LUE7/IZQExOTxMANj3KjTofYTkFNpBY67qaVrT41YccA=="],

    "@types/d3-sankey/@types/d3-shape": ["@types/d3-shape@1.3.12", "", { "dependencies": { "@types/d3-path": "^1" } }, "sha512-8oMzcd4+poSLGgV0R1Q1rOlx/xdmozS4Xab7np0eamFFUYq71AU9pOCJEFnkXW2aI/oXdVYJzw6pssbSut7Z9Q=="],

    "d3-sankey/d3-array": ["d3-array@2.12.1", "", { "dependencies": { "internmap": "^1.0.0" } }, "sha512-B0ErZK/66mHtEsR1TkPEEkwdy+WDesimkM5gpZr5Dsg54BiTA5RXtYW5qTLIAcekaS9xfZrzBLF/OAkB3Qn1YQ=="],

    "d3-sankey/d3-shape": ["d3-shape@1.3.7", "", { "dependencies": { "d3-path": "1" } }, "sha512-EUkvKjqPFUAZyOlhY5gzCxCeI0Aep04LwIRpsZ/mLFelJiUfnK56jo5JMDSE7yyP2kLSb6LtF+S5chMk7uqPqw=="],

    "lit-analyzer/parse5": ["parse5@5.1.0", "", {}, "sha512-fxNG2sQjHvlVAYmzBZS9YlDp6PTSSDwa98vkD4QgVDDCAo84z5X1t5XyJQ62ImdLXx5NdIIfihey6xpum9/gRQ=="],

    "lit-analyzer/vscode-html-languageservice": ["vscode-html-languageservice@3.1.0", "", { "dependencies": { "vscode-languageserver-textdocument": "^1.0.1", "vscode-languageserver-types": "3.16.0-next.2", "vscode-nls": "^4.1.2", "vscode-uri": "^2.1.2" } }, "sha512-QAyRHI98bbEIBCqTzZVA0VblGU40na0txggongw5ZgTj9UVsVk5XbLT16O9OTcbqBGSqn0oWmFDNjK/XGIDcqg=="],

    "parse5/entities": ["entities@6.0.1", "", {}, "sha512-aN97NXWF6AWBTahfVOIrB/NShkzi5H7F9r1s9mD3cDj4Ko5f2qhhVoYMibXF7GlLveb/D2ioWay8lxI97Ven3g=="],

    "typescript-styled-plugin/vscode-css-languageservice": ["vscode-css-languageservice@3.0.13", "", { "dependencies": { "vscode-languageserver-types": "^3.13.0", "vscode-nls": "^4.0.0" } }, "sha512-RWkO/c/A7iXhHEy3OuEqkCqavDjpD4NF2Ca8vjai+ZtEYNeHrm1ybTnBYLP4Ft1uXvvaaVtYA9HrDjD6+CUONg=="],

    "vscode-css-languageservice/vscode-languageserver-types": ["vscode-languageserver-types@3.16.0-next.2", "", {}, "sha512-QjXB7CKIfFzKbiCJC4OWC8xUncLsxo19FzGVp/ADFvvi87PlmBSCAtZI5xwGjF5qE0xkLf0jjKUn3DzmpDP52Q=="],

    "vscode-css-languageservice/vscode-uri": ["vscode-uri@2.1.2", "", {}, "sha512-8TEXQxlldWAuIODdukIb+TR5s+9Ds40eSJrw+1iDDA9IFORPjMELarNQE3myz5XIkWWpdprmJjm1/SxMlWOC8A=="],

    "web-component-analyzer/typescript": ["typescript@5.2.2", "", { "bin": { "tsc": "bin/tsc", "tsserver": "bin/tsserver" } }, "sha512-mI4WrpHsbCIcwT9cF4FZvr80QUeKvsUsUvKDoR+X/7XHQH98xYD8YHZg7ANtz2GtZt/CBq2QJ0thkGJMHfqc1w=="],

    "wrap-ansi/ansi-styles": ["ansi-styles@4.3.0", "", { "dependencies": { "color-convert": "^2.0.1" } }, "sha512-zbB9rCJAT1rbjiVDb2hqKFHNYLxgtk8NURxZ3IZwD3F6NtxbXZQCnnSi1Lkx+IDohdPlFp222wVALIheZJQSEg=="],

    "@happy-dom/global-registrator/happy-dom/entities": ["entities@7.0.1", "", {}, "sha512-TWrgLOFUQTH994YUyl1yT4uyavY5nNB5muff+RtWaqNVCAK408b5ZnnbNAUEWLTCpum9w6arT70i1XdQ4UeOPA=="],

    "@types/d3-sankey/@types/d3-shape/@types/d3-path": ["@types/d3-path@1.0.11", "", {}, "sha512-4pQMp8ldf7UaB/gR8Fvvy69psNHkTpD/pVw3vmEi8iZAB9EPMBruB1JvHO4BIq9QkUUd2lV1F5YXpMNj7JPBpw=="],

    "d3-sankey/d3-array/internmap": ["internmap@1.0.1", "", {}, "sha512-lDB5YccMydFBtasVtxnZ3MRBHuaoE8GKsppq+EchKL2U4nK/DmEpPHNH8MZe5HkMtpSiTSOZwfN0tzYjO/lJEw=="],

    "d3-sankey/d3-shape/d3-path": ["d3-path@1.0.9", "", {}, "sha512-VLaYcn81dtHVTjEHd8B+pbe9yHWpXKZUC87PzoFmsFrJqgFwDe/qxfp5MlfsfM1V5E/iVt0MmEbWQ7FVIXh/bg=="],

    "lit-analyzer/vscode-html-languageservice/vscode-languageserver-types": ["vscode-languageserver-types@3.16.0-next.2", "", {}, "sha512-QjXB7CKIfFzKbiCJC4OWC8xUncLsxo19FzGVp/ADFvvi87PlmBSCAtZI5xwGjF5qE0xkLf0jjKUn3DzmpDP52Q=="],

    "lit-analyzer/vscode-html-languageservice/vscode-uri": ["vscode-uri@2.1.2", "", {}, "sha512-8TEXQxlldWAuIODdukIb+TR5s+9Ds40eSJrw+1iDDA9IFORPjMELarNQE3myz5XIkWWpdprmJjm1/SxMlWOC8A=="],

    "wrap-ansi/ansi-styles/color-convert": ["color-convert@2.0.1", "", { "dependencies": { "color-name": "~1.1.4" } }, "sha512-RRECPsj7iu/xb5oKYcsFHSppFNnsj/52OVTRKb4zP5onXwVF3zVmmToNcOfGC+CRDpfK/U584fMg38ZHCaElKQ=="],

    "wrap-ansi/ansi-styles/color-convert/color-name": ["color-name@1.1.4", "", {}, "sha512-dOy+3AuW3a2wNbZHIuMZpTcgjGuLU/uBL/ubcZF9OXbDo8ff4O8yVp5Bf0efS8uEoYo5q4Fx7dY9OgQGXgAsQA=="],
  }
}
